
Microsoft Visual Studio Solution File, Format Version 12.00
# Visual Studio Version 16
VisualStudioVersion = 16.0.29519.181
MinimumVisualStudioVersion = 10.0.40219.1
Project("{FAE04EC0-301F-11D3-BF4B-00C04F79EFBC}") = "WindowsFormsApp1", "WindowsFormsApp1\WindowsFormsApp1.csproj", "{42120CC1-6D17-4218-ADBF-0184889DBC06}"
EndProject
Project("{FAE04EC0-301F-11D3-BF4B-00C04F79EFBC}") = "WindowsFormsApp2", "WindowsFormsApp2\WindowsFormsApp2.csproj", "{E6FF936A-4CCC-4888-93CE-C6DE5A456C52}"
EndProject
Project("{FAE04EC0-301F-11D3-BF4B-00C04F79EFBC}") = "WindowsFormsApp3", "WindowsFormsApp3\WindowsFormsApp3.csproj", "{D51DFACB-BFF4-4776-92A2-4832250299E1}"
EndProject
Project("{FAE04EC0-301F-11D3-BF4B-00C04F79EFBC}") = "WindowsFormsApp4", "WindowsFormsApp4\WindowsFormsApp4.csproj", "{9EA5C4D8-30A0-4161-B940-03A3AA8253C2}"
EndProject
Project("{FAE04EC0-301F-11D3-BF4B-00C04F79EFBC}") = "WindowsFormsApp5", "WindowsFormsApp5\WindowsFormsApp5.csproj", "{D31A5109-723A-4115-916E-EC0D21005417}"
EndProject
Project("{FAE04EC0-301F-11D3-BF4B-00C04F79EFBC}") = "WindowsFormsApp6", "WindowsFormsApp6\WindowsFormsApp6.csproj", "{809EE75A-4FA6-475E-BF8A-B6E53DF0A7AA}"
EndProject
Project("{FAE04EC0-301F-11D3-BF4B-00C04F79EFBC}") = "WindowsFormsApp7", "WindowsFormsApp7\WindowsFormsApp7.csproj", "{9DBF2798-BCAB-4D71-B998-4046D229AF1D}"
EndProject
Project("{FAE04EC0-301F-11D3-BF4B-00C04F79EFBC}") = "WindowsFormsApp8", "WindowsFormsApp8\WindowsFormsApp8.csproj", "{AE90F225-9944-4C94-A50A-AEA1049DC573}"
EndProject
Global
	GlobalSection(SolutionConfigurationPlatforms) = preSolution
		Debug|Any CPU = Debug|Any CPU
		Release|Any CPU = Release|Any CPU
	EndGlobalSection
	GlobalSection(ProjectConfigurationPlatforms) = postSolution
		{42120CC1-6D17-4218-ADBF-0184889DBC06}.Debug|Any CPU.ActiveCfg = Debug|Any CPU
		{42120CC1-6D17-4218-ADBF-0184889DBC06}.Debug|Any CPU.Build.0 = Debug|Any CPU
		{42120CC1-6D17-4218-ADBF-0184889DBC06}.Release|Any CPU.ActiveCfg = Release|Any CPU
		{42120CC1-6D17-4218-ADBF-0184889DBC06}.Release|Any CPU.Build.0 = Release|Any CPU
		{E6FF936A-4CCC-4888-93CE-C6DE5A456C52}.Debug|Any CPU.ActiveCfg = Debug|Any CPU
		{E6FF936A-4CCC-4888-93CE-C6DE5A456C52}.Debug|Any CPU.Build.0 = Debug|Any CPU
		{E6FF936A-4CCC-4888-93CE-C6DE5A456C52}.Release|Any CPU.ActiveCfg = Release|Any CPU
		{E6FF936A-4CCC-4888-93CE-C6DE5A456C52}.Release|Any CPU.Build.0 = Release|Any CPU
		{D51DFACB-BFF4-4776-92A2-4832250299E1}.Debug|Any CPU.ActiveCfg = Debug|Any CPU
		{D51DFACB-BFF4-4776-92A2-4832250299E1}.Debug|Any CPU.Build.0 = Debug|Any CPU
		{D51DFACB-BFF4-4776-92A2-4832250299E1}.Release|Any CPU.ActiveCfg = Release|Any CPU
		{D51DFACB-BFF4-4776-92A2-4832250299E1}.Release|Any CPU.Build.0 = Release|Any CPU
		{9EA5C4D8-30A0-4161-B940-03A3AA8253C2}.Debug|Any CPU.ActiveCfg = Debug|Any CPU
		{9EA5C4D8-30A0-4161-B940-03A3AA8253C2}.Debug|Any CPU.Build.0 = Debug|Any CPU
		{9EA5C4D8-30A0-4161-B940-03A3AA8253C2}.Release|Any CPU.ActiveCfg = Release|Any CPU
		{9EA5C4D8-30A0-4161-B940-03A3AA8253C2}.Release|Any CPU.Build.0 = Release|Any CPU
		{D31A5109-723A-4115-916E-EC0D21005417}.Debug|Any CPU.ActiveCfg = Debug|Any CPU
		{D31A5109-723A-4115-916E-EC0D21005417}.Debug|Any CPU.Build.0 = Debug|Any CPU
		{D31A5109-723A-4115-916E-EC0D21005417}.Release|Any CPU.ActiveCfg = Release|Any CPU
		{D31A5109-723A-4115-916E-EC0D21005417}.Release|Any CPU.Build.0 = Release|Any CPU
		{809EE75A-4FA6-475E-BF8A-B6E53DF0A7AA}.Debug|Any CPU.ActiveCfg = Debug|Any CPU
		{809EE75A-4FA6-475E-BF8A-B6E53DF0A7AA}.Debug|Any CPU.Build.0 = Debug|Any CPU
		{809EE75A-4FA6-475E-BF8A-B6E53DF0A7AA}.Release|Any CPU.ActiveCfg = Release|Any CPU
		{809EE75A-4FA6-475E-BF8A-B6E53DF0A7AA}.Release|Any CPU.Build.0 = Release|Any CPU
		{9DBF2798-BCAB-4D71-B998-4046D229AF1D}.Debug|Any CPU.ActiveCfg = Debug|Any CPU
		{9DBF2798-BCAB-4D71-B998-4046D229AF1D}.Debug|Any CPU.Build.0 = Debug|Any CPU
		{9DBF2798-BCAB-4D71-B998-4046D229AF1D}.Release|Any CPU.ActiveCfg = Release|Any CPU
		{9DBF2798-BCAB-4D71-B998-4046D229AF1D}.Release|Any CPU.Build.0 = Release|Any CPU
		{AE90F225-9944-4C94-A50A-AEA1049DC573}.Debug|Any CPU.ActiveCfg = Debug|Any CPU
		{AE90F225-9944-4C94-A50A-AEA1049DC573}.Debug|Any CPU.Build.0 = Debug|Any CPU
		{AE90F225-9944-4C94-A50A-AEA1049DC573}.Release|Any CPU.ActiveCfg = Release|Any CPU
		{AE90F225-9944-4C94-A50A-AEA1049DC573}.Release|Any CPU.Build.0 = Release|Any CPU
	EndGlobalSection
	GlobalSection(SolutionProperties) = preSolution
		HideSolutionNode = FALSE
	EndGlobalSection
	GlobalSection(ExtensibilityGlobals) = postSolution
		SolutionGuid = {4976C06E-663A-4725-AE80-EF050A3AB8B5}
	EndGlobalSection
EndGlobal
